
Microsoft Visual Studio Solution File, Format Version 12.00
# Visual Studio Version 17
VisualStudioVersion = 17.8.34322.80
MinimumVisualStudioVersion = 10.0.40219.1
Project("{8BC9CEB8-8B4A-11D0-8D11-00A0C91BC942}") = "CellsCPP", "CellsCPP\CellsCPP.vcxproj", "{E9EC9C62-4F32-4AFB-BCD3-734489E9706F}"
EndProject
Global
	GlobalSection(SolutionConfigurationPlatforms) = preSolution
		Debug|x64 = Debug|x64
		Debug|x86 = Debug|x86
		Release|x64 = Release|x64
		Release|x86 = Release|x86
	EndGlobalSection
	GlobalSection(ProjectConfigurationPlatforms) = postSolution
		{E9EC9C62-4F32-4AFB-BCD3-734489E9706F}.Debug|x64.ActiveCfg = Debug|x64
		{E9EC9C62-4F32-4AFB-BCD3-734489E9706F}.Debug|x64.Build.0 = Debug|x64
		{E9EC9C62-4F32-4AFB-BCD3-734489E9706F}.Debug|x86.ActiveCfg = Debug|Win32
		{E9EC9C62-4F32-4AFB-BCD3-734489E9706F}.Debug|x86.Build.0 = Debug|Win32
		{E9EC9C62-4F32-4AFB-BCD3-734489E9706F}.Release|x64.ActiveCfg = Release|x64
		{E9EC9C62-4F32-4AFB-BCD3-734489E9706F}.Release|x64.Build.0 = Release|x64
		{E9EC9C62-4F32-4AFB-BCD3-734489E9706F}.Release|x86.ActiveCfg = Release|Win32
		{E9EC9C62-4F32-4AFB-BCD3-734489E9706F}.Release|x86.Build.0 = Release|Win32
	EndGlobalSection
	GlobalSection(SolutionProperties) = preSolution
		HideSolutionNode = FALSE
	EndGlobalSection
	GlobalSection(ExtensibilityGlobals) = postSolution
		SolutionGuid = {1E81BB9D-1C3A-4085-986E-EBDF82C16A82}
	EndGlobalSection
EndGlobal
